
Microsoft Visual Studio Solution File, Format Version 12.00
# Visual Studio Version 17
VisualStudioVersion = 17.9.34723.18
MinimumVisualStudioVersion = 10.0.40219.1
Project("{FAE04EC0-301F-11D3-BF4B-00C04F79EFBC}") = "HogerLager", "HogerLager\HogerLager.csproj", "{26F00803-8541-45B6-A12B-E6BC4C604B45}"
EndProject
Global
	GlobalSection(SolutionConfigurationPlatforms) = preSolution
		Debug|Any CPU = Debug|Any CPU
		Release|Any CPU = Release|Any CPU
	EndGlobalSection
	GlobalSection(ProjectConfigurationPlatforms) = postSolution
		{26F00803-8541-45B6-A12B-E6BC4C604B45}.Debug|Any CPU.ActiveCfg = Debug|Any CPU
		{26F00803-8541-45B6-A12B-E6BC4C604B45}.Debug|Any CPU.Build.0 = Debug|Any CPU
		{26F00803-8541-45B6-A12B-E6BC4C604B45}.Release|Any CPU.ActiveCfg = Release|Any CPU
		{26F00803-8541-45B6-A12B-E6BC4C604B45}.Release|Any CPU.Build.0 = Release|Any CPU
	EndGlobalSection
	GlobalSection(SolutionProperties) = preSolution
		HideSolutionNode = FALSE
	EndGlobalSection
	GlobalSection(ExtensibilityGlobals) = postSolution
		SolutionGuid = {579C42B4-8426-465E-9D3D-F76F4DB2401A}
	EndGlobalSection
EndGlobal
